{
  "name": "interaction-control-contract",
  "version": "1.0.0",
  "lockfileVersion": 2,
  "requires": true,
  "packages": {
    "": {
      "name": "interaction-control-contract",
      "version": "1.0.0",
      "license": "MIT",
      "dependencies": {
        "call-order-control-contract": "^1.0.1",
        "input-control-contract": "^2.0.0"
      }
    },
    "node_modules/call-order-control-contract": {
      "version": "1.0.1",
      "resolved": "https://registry.npmjs.org/call-order-control-contract/-/call-order-control-contract-1.0.1.tgz",
      "integrity": "sha512-MJU8REoZwl5pGxQtIhi/Ra8xHZZP0S+37rOaH/2kcqwxkjleZ14llt64v3+MTl0V3YnBgh4Ja5eZiFcl+4yp9A=="
    },
    "node_modules/input-control-contract": {
      "version": "2.0.0",
      "resolved": "https://registry.npmjs.org/input-control-contract/-/input-control-contract-2.0.0.tgz",
      "integrity": "sha512-FhpCYGBOQd35IhvLuwrYpDyVIXVd9zLBbYgAAbYHxwryxHdt6+js7N2IhunE4TGffvR5XGWV+Qct0H+dbF4Gfg=="
    }
  },
  "dependencies": {
    "call-order-control-contract": {
      "version": "1.0.1",
      "resolved": "https://registry.npmjs.org/call-order-control-contract/-/call-order-control-contract-1.0.1.tgz",
      "integrity": "sha512-MJU8REoZwl5pGxQtIhi/Ra8xHZZP0S+37rOaH/2kcqwxkjleZ14llt64v3+MTl0V3YnBgh4Ja5eZiFcl+4yp9A=="
    },
    "input-control-contract": {
      "version": "2.0.0",
      "resolved": "https://registry.npmjs.org/input-control-contract/-/input-control-contract-2.0.0.tgz",
      "integrity": "sha512-FhpCYGBOQd35IhvLuwrYpDyVIXVd9zLBbYgAAbYHxwryxHdt6+js7N2IhunE4TGffvR5XGWV+Qct0H+dbF4Gfg=="
    }
  }
}
